Microsoft Visual Studio Solution File, Format Version 12.00
# Visual Studio Version 17
VisualStudioVersion = 17.0.31903.59
MinimumVisualStudioVersion = 10.0.40219.1
Project("{2150E333-8FDC-42A3-9474-1A3956D46DE8}") = "benchmarks", "src\csharp\benchmarks", "{AA23A18E-EAB6-5A02-8809-526627983EC7}"
EndProject
Project("{2150E333-8FDC-42A3-9474-1A3956D46DE8}") = "samples", "src\csharp\samples", "{3AA6B7D9-0AEE-5734-9999-29620D583E4B}"
EndProject
Project("{2150E333-8FDC-42A3-9474-1A3956D46DE8}") = "csharp", "csharp", "{E2683E97-068B-56A1-B7CD-049A065F891F}"
EndProject
Project("{2150E333-8FDC-42A3-9474-1A3956D46DE8}") = "tests", "src\csharp\tests", "{B6BAC99F-AFD8-5128-80D4-ED81DE28CC9B}"
EndProject
Project("{2150E333-8FDC-42A3-9474-1A3956D46DE8}") = "AgentEndToEnd", "AgentEndToEnd", "{0632B953-266D-5603-925B-586D3556DAE4}"
EndProject
Project("{2150E333-8FDC-42A3-9474-1A3956D46DE8}") = "CoffeeBeanery.Performance", "CoffeeBeanery.Performance", "{A24258F9-344A-50C7-828D-918B1262E719}"
EndProject
Project("{2150E333-8FDC-42A3-9474-1A3956D46DE8}") = "Foundgine.SupplyChain", "Foundgine.SupplyChain", "{CEE48977-F626-5ED8-8668-B3DE90743F16}"
EndProject
Project("{2150E333-8FDC-42A3-9474-1A3956D46DE8}") = "Foundgine.SupplyChain.Advanced", "Foundgine.SupplyChain.Advanced", "{31ED3D7F-3B01-533D-9F7D-C7E773FF437D}"
EndProject
Project("{2150E333-8FDC-42A3-9474-1A3956D46DE8}") = "Foundgine.Core", "Foundgine.Core", "{CA38ED71-41BE-5D6B-AB07-7573B67E7AF7}"
EndProject
Project("{2150E333-8FDC-42A3-9474-1A3956D46DE8}") = "Foundgine.Extensions", "Foundgine.Extensions", "{23A944E0-9A9E-5BF2-A4A4-C0BF1A7DC833}"
EndProject
Project("{2150E333-8FDC-42A3-9474-1A3956D46DE8}") = "Foundgine.Providers", "Foundgine.Providers", "{133A04CC-5D91-5D72-84B7-76D59253671E}"
EndProject
Project("{2150E333-8FDC-42A3-9474-1A3956D46DE8}") = "Foundgine.Runtime", "Foundgine.Runtime", "{78B8A800-66A7-5FA0-B14F-B01A6D142B05}"
EndProject
Project("{2150E333-8FDC-42A3-9474-1A3956D46DE8}") = "Foundgine.Aot.Tests", "Foundgine.Aot.Tests", "{4FCF1BD5-68C8-547B-B9FC-CFF8FB15861D}"
EndProject
Project("{2150E333-8FDC-42A3-9474-1A3956D46DE8}") = "Foundgine.E2E.Tests", "Foundgine.E2E.Tests", "{7CB0A56F-9155-581F-894B-2E21893A529E}"
EndProject
Project("{2150E333-8FDC-42A3-9474-1A3956D46DE8}") = "Foundgine.GraphQL.HotChocolate.Tests", "Foundgine.GraphQL.HotChocolate.Tests", "{ADCD6966-A7B0-528E-888B-E7368D4021B1}"
EndProject
Project("{2150E333-8FDC-42A3-9474-1A3956D46DE8}") = "Foundgine.HighAssurance.Tests", "Foundgine.HighAssurance.Tests", "{5F93F389-3B8F-5F9E-A217-4902E74E3CCF}"
EndProject
Project("{2150E333-8FDC-42A3-9474-1A3956D46DE8}") = "Foundgine.InMemory.Tests", "Foundgine.InMemory.Tests", "{0702CEF7-DACC-5EDD-A70C-EADA98BA9155}"
EndProject
Project("{2150E333-8FDC-42A3-9474-1A3956D46DE8}") = "Foundgine.Intent.Json.Tests", "Foundgine.Intent.Json.Tests", "{8C16C138-3140-507C-9203-A440514F20E9}"
EndProject
Project("{2150E333-8FDC-42A3-9474-1A3956D46DE8}") = "Foundgine.MCP.Tests", "Foundgine.MCP.Tests", "{BE0961D4-8F8B-5CAD-B972-5BFE22BF9BC2}"
EndProject
Project("{2150E333-8FDC-42A3-9474-1A3956D46DE8}") = "Foundgine.Planning.Tests", "Foundgine.Planning.Tests", "{9955B86F-52C3-5139-8229-E609EABF7F19}"
EndProject
Project("{2150E333-8FDC-42A3-9474-1A3956D46DE8}") = "Foundgine.Postgres.Vector.Tests", "Foundgine.Postgres.Vector.Tests", "{C5E3C18E-6562-5514-BD69-0B72559F7913}"
EndProject
Project("{2150E333-8FDC-42A3-9474-1A3956D46DE8}") = "Foundgine.Security.Authority.Tests", "Foundgine.Security.Authority.Tests", "{1BB37162-F7F1-528A-B07E-4FB46DC7F96B}"
EndProject
Project("{2150E333-8FDC-42A3-9474-1A3956D46DE8}") = "Foundgine.Security.Tests", "Foundgine.Security.Tests", "{96CD0A6B-2AA4-501C-87C4-9EE0E8CA9CF4}"
EndProject
Project("{2150E333-8FDC-42A3-9474-1A3956D46DE8}") = "Foundgine.Semantics.Tests", "Foundgine.Semantics.Tests", "{9C0E8633-990F-51CA-A028-BD26DCC849CC}"
EndProject
Project("{2150E333-8FDC-42A3-9474-1A3956D46DE8}") = "Foundgine.Sql.Tests", "Foundgine.Sql.Tests", "{9A7871BB-91CD-52C4-A821-606000ED9770}"
EndProject
Project("{2150E333-8FDC-42A3-9474-1A3956D46DE8}") = "Fixtures", "Fixtures", "{6780C449-22A3-50CD-BA9D-66CBF103EFE2}"
EndProject
Project("{2150E333-8FDC-42A3-9474-1A3956D46DE8}") = "Run1", "Run1", "{6F54B382-66E8-5AC4-9399-3D6CBF62F900}"
EndProject
Project("{2150E333-8FDC-42A3-9474-1A3956D46DE8}") = "Run2", "Run2", "{B08E1AD0-6378-5703-BAFD-F6863B5F7B84}"
EndProject
Project("{2150E333-8FDC-42A3-9474-1A3956D46DE8}") = "Run3", "Run3", "{59F8AD89-4623-5334-B371-27AB1D139D4E}"
EndProject
Project("{2150E333-8FDC-42A3-9474-1A3956D46DE8}") = "Run4", "Run4", "{789452A7-36AF-54A3-BE05-BD5C9FFA8E24}"
EndProject
Project("{2150E333-8FDC-42A3-9474-1A3956D46DE8}") = "Run5", "Run5", "{946E9C7B-7190-5D19-9F61-6C08FC530956}"
EndProject
Project("{2150E333-8FDC-42A3-9474-1A3956D46DE8}") = "Run5SameClient", "Run5SameClient", "{701583FA-C1DC-59D6-93BF-4FF71692CC33}"
EndProject
Project("{2150E333-8FDC-42A3-9474-1A3956D46DE8}") = "CoffeeBeanery.Database", "CoffeeBeanery.Database", "{794ADAE9-2981-504F-90D3-2F098D24EAB7}"
EndProject
Project("{2150E333-8FDC-42A3-9474-1A3956D46DE8}") = "CoffeeBeanery.LoadTest", "CoffeeBeanery.LoadTest", "{B6B94E2C-038D-5124-8D86-A4E28C2040EF}"
EndProject
Project("{2150E333-8FDC-42A3-9474-1A3956D46DE8}") = "Foundgine.CoffeeBeanery.BenchmarkApi", "Foundgine.CoffeeBeanery.BenchmarkApi", "{AE0239AA-B0CC-586A-B7D3-4FB41CFD24BD}"
EndProject
Project("{2150E333-8FDC-42A3-9474-1A3956D46DE8}") = "HotChocolate.CoffeeBeanery.BenchmarkApi", "HotChocolate.CoffeeBeanery.BenchmarkApi", "{8FFE6E5F-4127-5E01-B80C-4907C7FD3522}"
EndProject
Project("{2150E333-8FDC-42A3-9474-1A3956D46DE8}") = "Agent", "Agent", "{D0F8DCEA-F78D-5340-8A6C-61680F84E591}"
EndProject
Project("{2150E333-8FDC-42A3-9474-1A3956D46DE8}") = "Database", "Database", "{8F2D6439-2C46-57C9-B1D6-CEC830B82E01}"
EndProject
Project("{2150E333-8FDC-42A3-9474-1A3956D46DE8}") = "MCP.Foundgine", "MCP.Foundgine", "{53B98BFB-142D-585B-BE1E-91775933E1EA}"
EndProject
Project("{2150E333-8FDC-42A3-9474-1A3956D46DE8}") = "Semantic", "Semantic", "{26CD7E0B-E291-5E6D-BE33-213684CA3BAF}"
EndProject
Project("{2150E333-8FDC-42A3-9474-1A3956D46DE8}") = "Foundgine.Providers.Aot.Generator", "Foundgine.Providers.Aot.Generator", "{4BF4438D-1965-5F3B-A8F7-DA2791E02F9A}"
EndProject
Project("{2150E333-8FDC-42A3-9474-1A3956D46DE8}") = "HighAssurance.Banking", "HighAssurance.Banking", "{5B8D0CA8-A01E-51EE-A9BB-DAA9055F42C6}"
EndProject
Project("{2150E333-8FDC-42A3-9474-1A3956D46DE8}") = "HighAssurance.Postgres", "HighAssurance.Postgres", "{1B3A5C72-3920-51BC-BDF8-6DC0D2F9AC6A}"
EndProject
Project("{2150E333-8FDC-42A3-9474-1A3956D46DE8}") = "SupplyChain.Layered", "SupplyChain.Layered", "{1248EBC0-124C-522A-9023-4612A0BDF0CD}"
EndProject
Project("{2150E333-8FDC-42A3-9474-1A3956D46DE8}") = "SupplyChain.PenTest", "SupplyChain.PenTest", "{F1B98511-E95B-5D62-8B09-14BD6D371F75}"
EndProject
Project("{2150E333-8FDC-42A3-9474-1A3956D46DE8}") = "GraphQL.EF", "GraphQL.EF", "{FA63BAA6-C412-558C-AAD7-BE9C0599B621}"
EndProject
Project("{2150E333-8FDC-42A3-9474-1A3956D46DE8}") = "MCP.Foundgine", "MCP.Foundgine", "{0810ACE9-C739-5163-A558-2F6E2BCAF052}"
EndProject
Project("{2150E333-8FDC-42A3-9474-1A3956D46DE8}") = "Runner", "Runner", "{5EB830E5-6821-5CB0-B96B-C355664FFB5F}"
EndProject
Project("{2150E333-8FDC-42A3-9474-1A3956D46DE8}") = "Database", "Database", "{B20FBC7B-2FC1-5AAC-A78E-A771B8DE2A0B}"
EndProject
Project("{2150E333-8FDC-42A3-9474-1A3956D46DE8}") = "EfCore", "EfCore", "{C76C11A8-0E87-597D-B68A-A8293AB948DF}"
EndProject
Project("{2150E333-8FDC-42A3-9474-1A3956D46DE8}") = "MCP.EfCore", "MCP.EfCore", "{0890C054-3087-56E1-8200-B61E8CEF0E8D}"
EndProject
Project("{2150E333-8FDC-42A3-9474-1A3956D46DE8}") = "MCP.Foundgine", "MCP.Foundgine", "{9AD473D3-4535-58C9-83BD-FD15550B8D2D}"
EndProject
Project("{2150E333-8FDC-42A3-9474-1A3956D46DE8}") = "Runner", "Runner", "{F1DDCB58-39F6-5DF7-916C-0712872BFFE3}"
EndProject
Project("{2150E333-8FDC-42A3-9474-1A3956D46DE8}") = "Database", "Database", "{C59A5367-6A03-5B3C-9559-EADF7AEB1922}"
EndProject
Project("{2150E333-8FDC-42A3-9474-1A3956D46DE8}") = "EfCore", "EfCore", "{D320FEF4-D557-5D85-A104-963689717F92}"
EndProject
Project("{2150E333-8FDC-42A3-9474-1A3956D46DE8}") = "MCP.EfCore", "MCP.EfCore", "{785551A2-DBA8-5574-A82F-8DCC212721FA}"
EndProject
Project("{2150E333-8FDC-42A3-9474-1A3956D46DE8}") = "MCP.Foundgine", "MCP.Foundgine", "{93735BE4-80AC-5129-9740-4F0B7343B94B}"
EndProject
Project("{2150E333-8FDC-42A3-9474-1A3956D46DE8}") = "Runner", "Runner", "{26E3E915-C9F7-5090-A66B-2B5359A20FC8}"
EndProject
Project("{2150E333-8FDC-42A3-9474-1A3956D46DE8}") = "Api", "Api", "{C687EC1E-B450-546A-B872-8CD8EA74A647}"
EndProject
Project("{2150E333-8FDC-42A3-9474-1A3956D46DE8}") = "Benchmarks", "Benchmarks", "{D3559F4C-4DED-5893-9802-FD66E72E72FB}"
EndProject
Project("{2150E333-8FDC-42A3-9474-1A3956D46DE8}") = "McpClient", "McpClient", "{E72810FD-735A-58BD-973A-9FE8791D0C72}"
EndProject
Project("{2150E333-8FDC-42A3-9474-1A3956D46DE8}") = "Tests", "Tests", "{9F09807A-BA50-560F-B19E-F2C34E266080}"
EndProject
Project("{2150E333-8FDC-42A3-9474-1A3956D46DE8}") = "Api", "Api", "{6F26896A-0275-55AA-9A7A-AA11BE71262B}"
EndProject
Project("{2150E333-8FDC-42A3-9474-1A3956D46DE8}") = "Application", "Application", "{9AB37C54-ED78-51F5-B176-12586969D95D}"
EndProject
Project("{2150E333-8FDC-42A3-9474-1A3956D46DE8}") = "Domain", "Domain", "{731879D5-181F-549D-B241-ECF531B920F5}"
EndProject
Project("{2150E333-8FDC-42A3-9474-1A3956D46DE8}") = "Infrastructure", "Infrastructure", "{BC8D4C4B-B644-5BC9-BAD6-F06E13873EEE}"
EndProject
Project("{2150E333-8FDC-42A3-9474-1A3956D46DE8}") = "Tests", "Tests", "{B4C873AF-4BA8-5629-939E-A4A36AC639D2}"
EndProject
Project("{2150E333-8FDC-42A3-9474-1A3956D46DE8}") = "Api", "Api", "{1B194E53-C242-579D-BBB0-980AE3A4A2B4}"
EndProject
Project("{2150E333-8FDC-42A3-9474-1A3956D46DE8}") = "Tests", "Tests", "{53AC5A1C-5A53-560B-BC38-5543CDEDDA74}"
EndProject
Project("{2150E333-8FDC-42A3-9474-1A3956D46DE8}") = "Mcp", "Mcp", "{A39B3DFC-B1AF-53E4-827D-4846703EB7B6}"
EndProject
Project("{2150E333-8FDC-42A3-9474-1A3956D46DE8}") = "GraphQL", "GraphQL", "{9A44E585-D2B8-5BBF-A906-F4C23BBCDB95}"
EndProject
Project("{2150E333-8FDC-42A3-9474-1A3956D46DE8}") = "Mcp", "Mcp", "{C1F913DA-B1DD-5AA8-927F-62DE26D30D20}"
EndProject
Project("{FAE04EC0-301F-11D3-BF4B-00C04F79EFBC}") = "Foundgine.HighAssurance.Banking", "src\csharp\benchmarks\AgentEndToEnd\Fixtures\HighAssurance.Banking\Foundgine.HighAssurance.Banking.csproj", "{ECEDAACE-1F8F-5B08-8A2A-70792B125130}"
EndProject
Project("{FAE04EC0-301F-11D3-BF4B-00C04F79EFBC}") = "Foundgine.HighAssurance.Postgres", "src\csharp\benchmarks\AgentEndToEnd\Fixtures\HighAssurance.Postgres\Foundgine.HighAssurance.Postgres.csproj", "{BD17C5A7-9D51-50B0-A7EE-7CD83B4B6880}"
EndProject
Project("{FAE04EC0-301F-11D3-BF4B-00C04F79EFBC}") = "Foundgine.SupplyChain.Api", "src\csharp\benchmarks\AgentEndToEnd\Fixtures\SupplyChain.Layered\Api\Foundgine.SupplyChain.Api.csproj", "{2AF6E3EE-D4AD-59CB-B4ED-27F7555FB570}"
EndProject
Project("{FAE04EC0-301F-11D3-BF4B-00C04F79EFBC}") = "Foundgine.SupplyChain.Application", "src\csharp\benchmarks\AgentEndToEnd\Fixtures\SupplyChain.Layered\Application\Foundgine.SupplyChain.Application.csproj", "{DABEBB09-690E-50CD-B2B8-FD880661CE24}"
EndProject
Project("{FAE04EC0-301F-11D3-BF4B-00C04F79EFBC}") = "Foundgine.SupplyChain.Domain", "src\csharp\benchmarks\AgentEndToEnd\Fixtures\SupplyChain.Layered\Domain\Foundgine.SupplyChain.Domain.csproj", "{8A271DE9-C0B6-56CF-9DE2-C205CF6D9C04}"
EndProject
Project("{FAE04EC0-301F-11D3-BF4B-00C04F79EFBC}") = "Foundgine.SupplyChain.Infrastructure", "src\csharp\benchmarks\AgentEndToEnd\Fixtures\SupplyChain.Layered\Infrastructure\Foundgine.SupplyChain.Infrastructure.csproj", "{28249539-4E6F-5DFC-B266-64AA8D7ECB51}"
EndProject
Project("{FAE04EC0-301F-11D3-BF4B-00C04F79EFBC}") = "Foundgine.SupplyChain.Tests", "src\csharp\benchmarks\AgentEndToEnd\Fixtures\SupplyChain.Layered\Tests\Foundgine.SupplyChain.Tests.csproj", "{42E32B71-21D5-5C27-9E80-D7B6C50475BC}"
EndProject
Project("{FAE04EC0-301F-11D3-BF4B-00C04F79EFBC}") = "Foundgine.SupplyChain.PenTest.Graph.Api", "src\csharp\benchmarks\AgentEndToEnd\Fixtures\SupplyChain.PenTest\Api\GraphQL\Foundgine.SupplyChain.PenTest.Graph.Api.csproj", "{DE26897B-018B-5E0A-A672-31CD247C3FCC}"
EndProject
Project("{FAE04EC0-301F-11D3-BF4B-00C04F79EFBC}") = "Foundgine.SupplyChain.PenTest.Mcp.Api", "src\csharp\benchmarks\AgentEndToEnd\Fixtures\SupplyChain.PenTest\Api\Mcp\Foundgine.SupplyChain.PenTest.Mcp.Api.csproj", "{54F0C466-793E-55EF-B7CF-7F4FE723A2B1}"
EndProject
Project("{FAE04EC0-301F-11D3-BF4B-00C04F79EFBC}") = "Foundgine.SupplyChain.PenTest.Tests", "src\csharp\benchmarks\AgentEndToEnd\Fixtures\SupplyChain.PenTest\Tests\Foundgine.SupplyChain.PenTest.Tests.csproj", "{B6AADC83-E12B-5B95-BD95-9617AA21B23C}"
EndProject
Project("{FAE04EC0-301F-11D3-BF4B-00C04F79EFBC}") = "Foundgine.AgentEndToEnd.Benchmark", "src\csharp\benchmarks\AgentEndToEnd\Foundgine.AgentEndToEnd.Benchmark.csproj", "{807B2B67-F7C5-5C40-9474-84B99B5D63D6}"
EndProject
Project("{FAE04EC0-301F-11D3-BF4B-00C04F79EFBC}") = "Foundgine.AgentEndToEnd.Run1", "src\csharp\benchmarks\AgentEndToEnd\Run1\Foundgine.AgentEndToEnd.Run1.csproj", "{A9E4D892-1D48-583D-9141-46EB6388BBF6}"
EndProject
Project("{FAE04EC0-301F-11D3-BF4B-00C04F79EFBC}") = "Foundgine.AgentEndToEnd", "src\csharp\benchmarks\AgentEndToEnd\Run2\Foundgine.AgentEndToEnd.csproj", "{F673B85F-B41C-5C2F-BB68-14395C2E6BA2}"
EndProject
Project("{FAE04EC0-301F-11D3-BF4B-00C04F79EFBC}") = "Foundgine.AgentEndToEnd.Run3", "src\csharp\benchmarks\AgentEndToEnd\Run3\Foundgine.AgentEndToEnd.Run3.csproj", "{A27B1032-392E-5492-A01A-15FFB3654BCA}"
EndProject
Project("{FAE04EC0-301F-11D3-BF4B-00C04F79EFBC}") = "GraphQL.EF", "src\csharp\benchmarks\AgentEndToEnd\Run4\GraphQL.EF\GraphQL.EF.csproj", "{481AD834-F071-5013-B5BE-348CDC2A95C8}"
EndProject
Project("{FAE04EC0-301F-11D3-BF4B-00C04F79EFBC}") = "MCP.Foundgine.Run4.MCP.Foundgine", "src\csharp\benchmarks\AgentEndToEnd\Run4\MCP.Foundgine\MCP.Foundgine.csproj", "{2B26FFC4-0749-5230-9EEF-D7DB3E5AAE27}"
EndProject
Project("{FAE04EC0-301F-11D3-BF4B-00C04F79EFBC}") = "Runner.Run4.Runner", "src\csharp\benchmarks\AgentEndToEnd\Run4\Runner\Runner.csproj", "{8C876727-6522-5137-B959-D28E4A3D3921}"
EndProject
Project("{FAE04EC0-301F-11D3-BF4B-00C04F79EFBC}") = "Database.Run5.Database", "src\csharp\benchmarks\AgentEndToEnd\Run5\Database\Database.csproj", "{7E0BDC19-CAE2-5540-B7E9-4A8FC45DBB76}"
EndProject
Project("{FAE04EC0-301F-11D3-BF4B-00C04F79EFBC}") = "Foundgine.HighAssurance.EfCore.Run5.EfCore", "src\csharp\benchmarks\AgentEndToEnd\Run5\EfCore\Foundgine.HighAssurance.EfCore.csproj", "{A28F1988-5020-5223-96BE-6DDB5ACE2B5D}"
EndProject
Project("{FAE04EC0-301F-11D3-BF4B-00C04F79EFBC}") = "MCP.EfCore.Run5.MCP.EfCore", "src\csharp\benchmarks\AgentEndToEnd\Run5\MCP.EfCore\MCP.EfCore.csproj", "{104045B9-F4CF-5F45-8B19-6EFA0897A9D3}"
EndProject
Project("{FAE04EC0-301F-11D3-BF4B-00C04F79EFBC}") = "MCP.Foundgine.Run5.MCP.Foundgine", "src\csharp\benchmarks\AgentEndToEnd\Run5\MCP.Foundgine\MCP.Foundgine.csproj", "{97BC9107-B7F1-539A-B3A0-F065A70B2450}"
EndProject
Project("{FAE04EC0-301F-11D3-BF4B-00C04F79EFBC}") = "Runner.Run5.Runner", "src\csharp\benchmarks\AgentEndToEnd\Run5\Runner\Runner.csproj", "{88FD0613-8D93-5953-9E45-153B4DB320BC}"
EndProject
Project("{FAE04EC0-301F-11D3-BF4B-00C04F79EFBC}") = "Database.Run5SameClient.Database", "src\csharp\benchmarks\AgentEndToEnd\Run5SameClient\Database\Database.csproj", "{78ED68E4-2231-5AC8-A3FF-6F4A912EEBD9}"
EndProject
Project("{FAE04EC0-301F-11D3-BF4B-00C04F79EFBC}") = "Foundgine.HighAssurance.EfCore.Run5SameClient.EfCore", "src\csharp\benchmarks\AgentEndToEnd\Run5SameClient\EfCore\Foundgine.HighAssurance.EfCore.csproj", "{277D6E2D-6CB1-537B-A56B-36F7CC3F4CE5}"
EndProject
Project("{FAE04EC0-301F-11D3-BF4B-00C04F79EFBC}") = "MCP.EfCore.Run5SameClient.MCP.EfCore", "src\csharp\benchmarks\AgentEndToEnd\Run5SameClient\MCP.EfCore\MCP.EfCore.csproj", "{D820FA1F-743F-5423-A989-D31543834581}"
EndProject
Project("{FAE04EC0-301F-11D3-BF4B-00C04F79EFBC}") = "MCP.Foundgine.Run5SameClient.MCP.Foundgine", "src\csharp\benchmarks\AgentEndToEnd\Run5SameClient\MCP.Foundgine\MCP.Foundgine.csproj", "{846D63E1-4407-52E6-8768-862551360BC3}"
EndProject
Project("{FAE04EC0-301F-11D3-BF4B-00C04F79EFBC}") = "Runner.Run5SameClient.Runner", "src\csharp\benchmarks\AgentEndToEnd\Run5SameClient\Runner\Runner.csproj", "{F251039B-A4F6-55AE-99D3-A4C7B800A7E6}"
EndProject
Project("{FAE04EC0-301F-11D3-BF4B-00C04F79EFBC}") = "CoffeeBeanery.Database", "src\csharp\benchmarks\CoffeeBeanery.Performance\CoffeeBeanery.Database\CoffeeBeanery.Database.csproj", "{120AD31C-2336-5AE6-A7EF-D2E10AAFDDA8}"
EndProject
Project("{FAE04EC0-301F-11D3-BF4B-00C04F79EFBC}") = "CoffeeBeanery.LoadTest", "src\csharp\benchmarks\CoffeeBeanery.Performance\CoffeeBeanery.LoadTest\CoffeeBeanery.LoadTest.csproj", "{8EA60B10-E0D6-5F3F-8BFC-38DFB3DABF32}"
EndProject
Project("{FAE04EC0-301F-11D3-BF4B-00C04F79EFBC}") = "Foundgine.CoffeeBeanery.BenchmarkApi", "src\csharp\benchmarks\CoffeeBeanery.Performance\Foundgine.CoffeeBeanery.BenchmarkApi\Foundgine.CoffeeBeanery.BenchmarkApi.csproj", "{7DBC314A-960C-59BA-850E-30BC33C1BD63}"
EndProject
Project("{FAE04EC0-301F-11D3-BF4B-00C04F79EFBC}") = "HotChocolate.CoffeeBeanery.BenchmarkApi", "src\csharp\benchmarks\CoffeeBeanery.Performance\HotChocolate.CoffeeBeanery.BenchmarkApi\HotChocolate.CoffeeBeanery.BenchmarkApi.csproj", "{0CD1C707-3567-54FA-B4B0-C2DD304BF23B}"
EndProject
Project("{FAE04EC0-301F-11D3-BF4B-00C04F79EFBC}") = "Foundgine.SupplyChain", "src\csharp\samples\Foundgine.SupplyChain\Foundgine.SupplyChain.csproj", "{54BE168A-735B-5FE8-BE00-CA8632D1B529}"
EndProject
Project("{FAE04EC0-301F-11D3-BF4B-00C04F79EFBC}") = "Agent", "src\csharp\samples\Foundgine.SupplyChain.Advanced\Agent\Agent.csproj", "{BAA76518-4AB8-5A2D-AD7C-4BD066BDA0A4}"
EndProject
Project("{FAE04EC0-301F-11D3-BF4B-00C04F79EFBC}") = "Database.Foundgine.SupplyChain.Advanced.Database", "src\csharp\samples\Foundgine.SupplyChain.Advanced\Database\Database.csproj", "{9431B48B-F967-5024-A299-2EA7D8CA05EE}"
EndProject
Project("{FAE04EC0-301F-11D3-BF4B-00C04F79EFBC}") = "MCP.Foundgine.Foundgine.SupplyChain.Advanced.MCP.Foundgine", "src\csharp\samples\Foundgine.SupplyChain.Advanced\MCP.Foundgine\MCP.Foundgine.csproj", "{BDF54498-4591-54D6-A3AD-B4657B086AAD}"
EndProject
Project("{FAE04EC0-301F-11D3-BF4B-00C04F79EFBC}") = "Foundgine.SupplyChain.Advanced.Mcp.Api", "src\csharp\samples\Foundgine.SupplyChain.Advanced\Semantic\Api\Mcp\Foundgine.SupplyChain.Advanced.Mcp.Api.csproj", "{F1DBBC8A-1D4E-57ED-81AD-CEEA19182C53}"
EndProject
Project("{FAE04EC0-301F-11D3-BF4B-00C04F79EFBC}") = "Foundgine.SupplyChain.Advanced.Benchmarks", "src\csharp\samples\Foundgine.SupplyChain.Advanced\Semantic\Benchmarks\Foundgine.SupplyChain.Advanced.Benchmarks.csproj", "{317ADFAE-1178-59BB-9298-2D0CC42095B7}"
EndProject
Project("{FAE04EC0-301F-11D3-BF4B-00C04F79EFBC}") = "Foundgine.SupplyChain.Advanced", "src\csharp\samples\Foundgine.SupplyChain.Advanced\Semantic\Foundgine.SupplyChain.Advanced.csproj", "{2BCB1928-1003-5380-9AA9-78B34E46C653}"
EndProject
Project("{FAE04EC0-301F-11D3-BF4B-00C04F79EFBC}") = "Foundgine.SupplyChain.Advanced.Mcp.Client", "src\csharp\samples\Foundgine.SupplyChain.Advanced\Semantic\McpClient\Foundgine.SupplyChain.Advanced.Mcp.Client.csproj", "{4CB3C909-468E-58F3-98B4-CC32ADB68C83}"
EndProject
Project("{FAE04EC0-301F-11D3-BF4B-00C04F79EFBC}") = "Foundgine.SupplyChain.Advanced.Tests", "src\csharp\samples\Foundgine.SupplyChain.Advanced\Semantic\Tests\Foundgine.SupplyChain.Advanced.Tests.csproj", "{71C1838D-641A-540C-BAA1-CE80668086C1}"
EndProject
Project("{FAE04EC0-301F-11D3-BF4B-00C04F79EFBC}") = "Foundgine.Core", "src\csharp\Foundgine.Core\Foundgine.Core.csproj", "{92C1251F-A308-546F-B3DA-C744DF4011E6}"
EndProject
Project("{FAE04EC0-301F-11D3-BF4B-00C04F79EFBC}") = "Foundgine.Extensions", "src\csharp\Foundgine.Extensions\Foundgine.Extensions.csproj", "{E5DF4410-D617-57A2-A469-132E398FDCE4}"
EndProject
Project("{FAE04EC0-301F-11D3-BF4B-00C04F79EFBC}") = "Foundgine.Providers.Aot.Generator", "src\csharp\Foundgine.Providers\Foundgine.Providers.Aot.Generator\Foundgine.Providers.Aot.Generator.csproj", "{461418F1-8923-5376-BB91-C7C471CF358A}"
EndProject
Project("{FAE04EC0-301F-11D3-BF4B-00C04F79EFBC}") = "Foundgine.Providers", "src\csharp\Foundgine.Providers\Foundgine.Providers.csproj", "{91EA787A-486F-5E7C-A994-AD0BB6E01356}"
EndProject
Project("{FAE04EC0-301F-11D3-BF4B-00C04F79EFBC}") = "Foundgine.Runtime", "src\csharp\Foundgine.Runtime\Foundgine.Runtime.csproj", "{093B1729-C1D0-5755-BFFF-55C197A07D3D}"
EndProject
Project("{FAE04EC0-301F-11D3-BF4B-00C04F79EFBC}") = "Foundgine.Aot.Tests", "src\csharp\tests\Foundgine.Aot.Tests\Foundgine.Aot.Tests.csproj", "{86551244-A5EC-599C-88B2-F0FEDB8AD7FA}"
EndProject
Project("{FAE04EC0-301F-11D3-BF4B-00C04F79EFBC}") = "Foundgine.E2E.Tests", "src\csharp\tests\Foundgine.E2E.Tests\Foundgine.E2E.Tests.csproj", "{F9B5E690-E2BA-5724-BF50-4C3751924DA7}"
EndProject
Project("{FAE04EC0-301F-11D3-BF4B-00C04F79EFBC}") = "Foundgine.GraphQL.HotChocolate.Tests", "src\csharp\tests\Foundgine.GraphQL.HotChocolate.Tests\Foundgine.GraphQL.HotChocolate.Tests.csproj", "{A9C9E2B3-1CFE-5D83-B9ED-91A911E57CC8}"
EndProject
Project("{FAE04EC0-301F-11D3-BF4B-00C04F79EFBC}") = "Foundgine.HighAssurance.Tests", "src\csharp\tests\Foundgine.HighAssurance.Tests\Foundgine.HighAssurance.Tests.csproj", "{C9F5B50A-4524-5DBA-A34B-549B2C5D3168}"
EndProject
Project("{FAE04EC0-301F-11D3-BF4B-00C04F79EFBC}") = "Foundgine.InMemory.Tests", "src\csharp\tests\Foundgine.InMemory.Tests\Foundgine.InMemory.Tests.csproj", "{25197976-41AC-5463-8BC4-7E9519D0D823}"
EndProject
Project("{FAE04EC0-301F-11D3-BF4B-00C04F79EFBC}") = "Foundgine.Intent.Json.Tests", "src\csharp\tests\Foundgine.Intent.Json.Tests\Foundgine.Intent.Json.Tests.csproj", "{F5B4C5C9-D5C8-51F4-9E7A-A82A8986F85D}"
EndProject
Project("{FAE04EC0-301F-11D3-BF4B-00C04F79EFBC}") = "Foundgine.MCP.Tests", "src\csharp\tests\Foundgine.MCP.Tests\Foundgine.MCP.Tests.csproj", "{84D2A451-0114-5656-8499-2A3D54663D27}"
EndProject
Project("{FAE04EC0-301F-11D3-BF4B-00C04F79EFBC}") = "Foundgine.Planning.Tests", "src\csharp\tests\Foundgine.Planning.Tests\Foundgine.Planning.Tests.csproj", "{AAB7B8A6-842B-5CC2-AB8F-6811EB9E24CA}"
EndProject
Project("{FAE04EC0-301F-11D3-BF4B-00C04F79EFBC}") = "Foundgine.Postgres.Vector.Tests", "src\csharp\tests\Foundgine.Postgres.Vector.Tests\Foundgine.Postgres.Vector.Tests.csproj", "{614C8387-6D5F-569E-933C-D2392F624770}"
EndProject
Project("{FAE04EC0-301F-11D3-BF4B-00C04F79EFBC}") = "Foundgine.Security.Authority.Tests", "src\csharp\tests\Foundgine.Security.Authority.Tests\Foundgine.Security.Authority.Tests.csproj", "{6B89ED52-35AF-5336-90DB-C1AC664BF368}"
EndProject
Project("{FAE04EC0-301F-11D3-BF4B-00C04F79EFBC}") = "Foundgine.Security.Tests", "src\csharp\tests\Foundgine.Security.Tests\Foundgine.Security.Tests.csproj", "{829C6BEB-19B9-5636-A0F6-C9F8F17728A0}"
EndProject
Project("{FAE04EC0-301F-11D3-BF4B-00C04F79EFBC}") = "Foundgine.Semantics.Tests", "src\csharp\tests\Foundgine.Semantics.Tests\Foundgine.Semantics.Tests.csproj", "{DBC143B7-2A15-5B6F-815A-80DF27A96871}"
EndProject
Project("{FAE04EC0-301F-11D3-BF4B-00C04F79EFBC}") = "Foundgine.Sql.Tests", "src\csharp\tests\Foundgine.Sql.Tests\Foundgine.Sql.Tests.csproj", "{5ECB7EAE-7B93-5E30-92D3-4D07363E10BD}"
EndProject
Global
	GlobalSection(SolutionConfigurationPlatforms) = preSolution
		Debug|Any CPU = Debug|Any CPU
		Release|Any CPU = Release|Any CPU
	EndGlobalSection
	GlobalSection(ProjectConfigurationPlatforms) = postSolution
		{ECEDAACE-1F8F-5B08-8A2A-70792B125130}.Debug|Any CPU.ActiveCfg = Debug|Any CPU
		{ECEDAACE-1F8F-5B08-8A2A-70792B125130}.Debug|Any CPU.Build.0 = Debug|Any CPU
		{ECEDAACE-1F8F-5B08-8A2A-70792B125130}.Release|Any CPU.ActiveCfg = Release|Any CPU
		{ECEDAACE-1F8F-5B08-8A2A-70792B125130}.Release|Any CPU.Build.0 = Release|Any CPU
		{BD17C5A7-9D51-50B0-A7EE-7CD83B4B6880}.Debug|Any CPU.ActiveCfg = Debug|Any CPU
		{BD17C5A7-9D51-50B0-A7EE-7CD83B4B6880}.Debug|Any CPU.Build.0 = Debug|Any CPU
		{BD17C5A7-9D51-50B0-A7EE-7CD83B4B6880}.Release|Any CPU.ActiveCfg = Release|Any CPU
		{BD17C5A7-9D51-50B0-A7EE-7CD83B4B6880}.Release|Any CPU.Build.0 = Release|Any CPU
		{2AF6E3EE-D4AD-59CB-B4ED-27F7555FB570}.Debug|Any CPU.ActiveCfg = Debug|Any CPU
		{2AF6E3EE-D4AD-59CB-B4ED-27F7555FB570}.Debug|Any CPU.Build.0 = Debug|Any CPU
		{2AF6E3EE-D4AD-59CB-B4ED-27F7555FB570}.Release|Any CPU.ActiveCfg = Release|Any CPU
		{2AF6E3EE-D4AD-59CB-B4ED-27F7555FB570}.Release|Any CPU.Build.0 = Release|Any CPU
		{DABEBB09-690E-50CD-B2B8-FD880661CE24}.Debug|Any CPU.ActiveCfg = Debug|Any CPU
		{DABEBB09-690E-50CD-B2B8-FD880661CE24}.Debug|Any CPU.Build.0 = Debug|Any CPU
		{DABEBB09-690E-50CD-B2B8-FD880661CE24}.Release|Any CPU.ActiveCfg = Release|Any CPU
		{DABEBB09-690E-50CD-B2B8-FD880661CE24}.Release|Any CPU.Build.0 = Release|Any CPU
		{8A271DE9-C0B6-56CF-9DE2-C205CF6D9C04}.Debug|Any CPU.ActiveCfg = Debug|Any CPU
		{8A271DE9-C0B6-56CF-9DE2-C205CF6D9C04}.Debug|Any CPU.Build.0 = Debug|Any CPU
		{8A271DE9-C0B6-56CF-9DE2-C205CF6D9C04}.Release|Any CPU.ActiveCfg = Release|Any CPU
		{8A271DE9-C0B6-56CF-9DE2-C205CF6D9C04}.Release|Any CPU.Build.0 = Release|Any CPU
		{28249539-4E6F-5DFC-B266-64AA8D7ECB51}.Debug|Any CPU.ActiveCfg = Debug|Any CPU
		{28249539-4E6F-5DFC-B266-64AA8D7ECB51}.Debug|Any CPU.Build.0 = Debug|Any CPU
		{28249539-4E6F-5DFC-B266-64AA8D7ECB51}.Release|Any CPU.ActiveCfg = Release|Any CPU
		{28249539-4E6F-5DFC-B266-64AA8D7ECB51}.Release|Any CPU.Build.0 = Release|Any CPU
		{42E32B71-21D5-5C27-9E80-D7B6C50475BC}.Debug|Any CPU.ActiveCfg = Debug|Any CPU
		{42E32B71-21D5-5C27-9E80-D7B6C50475BC}.Debug|Any CPU.Build.0 = Debug|Any CPU
		{42E32B71-21D5-5C27-9E80-D7B6C50475BC}.Release|Any CPU.ActiveCfg = Release|Any CPU
		{42E32B71-21D5-5C27-9E80-D7B6C50475BC}.Release|Any CPU.Build.0 = Release|Any CPU
		{DE26897B-018B-5E0A-A672-31CD247C3FCC}.Debug|Any CPU.ActiveCfg = Debug|Any CPU
		{DE26897B-018B-5E0A-A672-31CD247C3FCC}.Debug|Any CPU.Build.0 = Debug|Any CPU
		{DE26897B-018B-5E0A-A672-31CD247C3FCC}.Release|Any CPU.ActiveCfg = Release|Any CPU
		{DE26897B-018B-5E0A-A672-31CD247C3FCC}.Release|Any CPU.Build.0 = Release|Any CPU
		{54F0C466-793E-55EF-B7CF-7F4FE723A2B1}.Debug|Any CPU.ActiveCfg = Debug|Any CPU
		{54F0C466-793E-55EF-B7CF-7F4FE723A2B1}.Debug|Any CPU.Build.0 = Debug|Any CPU
		{54F0C466-793E-55EF-B7CF-7F4FE723A2B1}.Release|Any CPU.ActiveCfg = Release|Any CPU
		{54F0C466-793E-55EF-B7CF-7F4FE723A2B1}.Release|Any CPU.Build.0 = Release|Any CPU
		{B6AADC83-E12B-5B95-BD95-9617AA21B23C}.Debug|Any CPU.ActiveCfg = Debug|Any CPU
		{B6AADC83-E12B-5B95-BD95-9617AA21B23C}.Debug|Any CPU.Build.0 = Debug|Any CPU
		{B6AADC83-E12B-5B95-BD95-9617AA21B23C}.Release|Any CPU.ActiveCfg = Release|Any CPU
		{B6AADC83-E12B-5B95-BD95-9617AA21B23C}.Release|Any CPU.Build.0 = Release|Any CPU
		{807B2B67-F7C5-5C40-9474-84B99B5D63D6}.Debug|Any CPU.ActiveCfg = Debug|Any CPU
		{807B2B67-F7C5-5C40-9474-84B99B5D63D6}.Debug|Any CPU.Build.0 = Debug|Any CPU
		{807B2B67-F7C5-5C40-9474-84B99B5D63D6}.Release|Any CPU.ActiveCfg = Release|Any CPU
		{807B2B67-F7C5-5C40-9474-84B99B5D63D6}.Release|Any CPU.Build.0 = Release|Any CPU
		{A9E4D892-1D48-583D-9141-46EB6388BBF6}.Debug|Any CPU.ActiveCfg = Debug|Any CPU
		{A9E4D892-1D48-583D-9141-46EB6388BBF6}.Debug|Any CPU.Build.0 = Debug|Any CPU
		{A9E4D892-1D48-583D-9141-46EB6388BBF6}.Release|Any CPU.ActiveCfg = Release|Any CPU
		{A9E4D892-1D48-583D-9141-46EB6388BBF6}.Release|Any CPU.Build.0 = Release|Any CPU
		{F673B85F-B41C-5C2F-BB68-14395C2E6BA2}.Debug|Any CPU.ActiveCfg = Debug|Any CPU
		{F673B85F-B41C-5C2F-BB68-14395C2E6BA2}.Debug|Any CPU.Build.0 = Debug|Any CPU
		{F673B85F-B41C-5C2F-BB68-14395C2E6BA2}.Release|Any CPU.ActiveCfg = Release|Any CPU
		{F673B85F-B41C-5C2F-BB68-14395C2E6BA2}.Release|Any CPU.Build.0 = Release|Any CPU
		{A27B1032-392E-5492-A01A-15FFB3654BCA}.Debug|Any CPU.ActiveCfg = Debug|Any CPU
		{A27B1032-392E-5492-A01A-15FFB3654BCA}.Debug|Any CPU.Build.0 = Debug|Any CPU
		{A27B1032-392E-5492-A01A-15FFB3654BCA}.Release|Any CPU.ActiveCfg = Release|Any CPU
		{A27B1032-392E-5492-A01A-15FFB3654BCA}.Release|Any CPU.Build.0 = Release|Any CPU
		{481AD834-F071-5013-B5BE-348CDC2A95C8}.Debug|Any CPU.ActiveCfg = Debug|Any CPU
		{481AD834-F071-5013-B5BE-348CDC2A95C8}.Debug|Any CPU.Build.0 = Debug|Any CPU
		{481AD834-F071-5013-B5BE-348CDC2A95C8}.Release|Any CPU.ActiveCfg = Release|Any CPU
		{481AD834-F071-5013-B5BE-348CDC2A95C8}.Release|Any CPU.Build.0 = Release|Any CPU
		{2B26FFC4-0749-5230-9EEF-D7DB3E5AAE27}.Debug|Any CPU.ActiveCfg = Debug|Any CPU
		{2B26FFC4-0749-5230-9EEF-D7DB3E5AAE27}.Debug|Any CPU.Build.0 = Debug|Any CPU
		{2B26FFC4-0749-5230-9EEF-D7DB3E5AAE27}.Release|Any CPU.ActiveCfg = Release|Any CPU
		{2B26FFC4-0749-5230-9EEF-D7DB3E5AAE27}.Release|Any CPU.Build.0 = Release|Any CPU
		{8C876727-6522-5137-B959-D28E4A3D3921}.Debug|Any CPU.ActiveCfg = Debug|Any CPU
		{8C876727-6522-5137-B959-D28E4A3D3921}.Debug|Any CPU.Build.0 = Debug|Any CPU
		{8C876727-6522-5137-B959-D28E4A3D3921}.Release|Any CPU.ActiveCfg = Release|Any CPU
		{8C876727-6522-5137-B959-D28E4A3D3921}.Release|Any CPU.Build.0 = Release|Any CPU
		{7E0BDC19-CAE2-5540-B7E9-4A8FC45DBB76}.Debug|Any CPU.ActiveCfg = Debug|Any CPU
		{7E0BDC19-CAE2-5540-B7E9-4A8FC45DBB76}.Debug|Any CPU.Build.0 = Debug|Any CPU
		{7E0BDC19-CAE2-5540-B7E9-4A8FC45DBB76}.Release|Any CPU.ActiveCfg = Release|Any CPU
		{7E0BDC19-CAE2-5540-B7E9-4A8FC45DBB76}.Release|Any CPU.Build.0 = Release|Any CPU
		{A28F1988-5020-5223-96BE-6DDB5ACE2B5D}.Debug|Any CPU.ActiveCfg = Debug|Any CPU
		{A28F1988-5020-5223-96BE-6DDB5ACE2B5D}.Debug|Any CPU.Build.0 = Debug|Any CPU
		{A28F1988-5020-5223-96BE-6DDB5ACE2B5D}.Release|Any CPU.ActiveCfg = Release|Any CPU
		{A28F1988-5020-5223-96BE-6DDB5ACE2B5D}.Release|Any CPU.Build.0 = Release|Any CPU
		{104045B9-F4CF-5F45-8B19-6EFA0897A9D3}.Debug|Any CPU.ActiveCfg = Debug|Any CPU
		{104045B9-F4CF-5F45-8B19-6EFA0897A9D3}.Debug|Any CPU.Build.0 = Debug|Any CPU
		{104045B9-F4CF-5F45-8B19-6EFA0897A9D3}.Release|Any CPU.ActiveCfg = Release|Any CPU
		{104045B9-F4CF-5F45-8B19-6EFA0897A9D3}.Release|Any CPU.Build.0 = Release|Any CPU
		{97BC9107-B7F1-539A-B3A0-F065A70B2450}.Debug|Any CPU.ActiveCfg = Debug|Any CPU
		{97BC9107-B7F1-539A-B3A0-F065A70B2450}.Debug|Any CPU.Build.0 = Debug|Any CPU
		{97BC9107-B7F1-539A-B3A0-F065A70B2450}.Release|Any CPU.ActiveCfg = Release|Any CPU
		{97BC9107-B7F1-539A-B3A0-F065A70B2450}.Release|Any CPU.Build.0 = Release|Any CPU
		{88FD0613-8D93-5953-9E45-153B4DB320BC}.Debug|Any CPU.ActiveCfg = Debug|Any CPU
		{88FD0613-8D93-5953-9E45-153B4DB320BC}.Debug|Any CPU.Build.0 = Debug|Any CPU
		{88FD0613-8D93-5953-9E45-153B4DB320BC}.Release|Any CPU.ActiveCfg = Release|Any CPU
		{88FD0613-8D93-5953-9E45-153B4DB320BC}.Release|Any CPU.Build.0 = Release|Any CPU
		{78ED68E4-2231-5AC8-A3FF-6F4A912EEBD9}.Debug|Any CPU.ActiveCfg = Debug|Any CPU
		{78ED68E4-2231-5AC8-A3FF-6F4A912EEBD9}.Debug|Any CPU.Build.0 = Debug|Any CPU
		{78ED68E4-2231-5AC8-A3FF-6F4A912EEBD9}.Release|Any CPU.ActiveCfg = Release|Any CPU
		{78ED68E4-2231-5AC8-A3FF-6F4A912EEBD9}.Release|Any CPU.Build.0 = Release|Any CPU
		{277D6E2D-6CB1-537B-A56B-36F7CC3F4CE5}.Debug|Any CPU.ActiveCfg = Debug|Any CPU
		{277D6E2D-6CB1-537B-A56B-36F7CC3F4CE5}.Debug|Any CPU.Build.0 = Debug|Any CPU
		{277D6E2D-6CB1-537B-A56B-36F7CC3F4CE5}.Release|Any CPU.ActiveCfg = Release|Any CPU
		{277D6E2D-6CB1-537B-A56B-36F7CC3F4CE5}.Release|Any CPU.Build.0 = Release|Any CPU
		{D820FA1F-743F-5423-A989-D31543834581}.Debug|Any CPU.ActiveCfg = Debug|Any CPU
		{D820FA1F-743F-5423-A989-D31543834581}.Debug|Any CPU.Build.0 = Debug|Any CPU
		{D820FA1F-743F-5423-A989-D31543834581}.Release|Any CPU.ActiveCfg = Release|Any CPU
		{D820FA1F-743F-5423-A989-D31543834581}.Release|Any CPU.Build.0 = Release|Any CPU
		{846D63E1-4407-52E6-8768-862551360BC3}.Debug|Any CPU.ActiveCfg = Debug|Any CPU
		{846D63E1-4407-52E6-8768-862551360BC3}.Debug|Any CPU.Build.0 = Debug|Any CPU
		{846D63E1-4407-52E6-8768-862551360BC3}.Release|Any CPU.ActiveCfg = Release|Any CPU
		{846D63E1-4407-52E6-8768-862551360BC3}.Release|Any CPU.Build.0 = Release|Any CPU
		{F251039B-A4F6-55AE-99D3-A4C7B800A7E6}.Debug|Any CPU.ActiveCfg = Debug|Any CPU
		{F251039B-A4F6-55AE-99D3-A4C7B800A7E6}.Debug|Any CPU.Build.0 = Debug|Any CPU
		{F251039B-A4F6-55AE-99D3-A4C7B800A7E6}.Release|Any CPU.ActiveCfg = Release|Any CPU
		{F251039B-A4F6-55AE-99D3-A4C7B800A7E6}.Release|Any CPU.Build.0 = Release|Any CPU
		{120AD31C-2336-5AE6-A7EF-D2E10AAFDDA8}.Debug|Any CPU.ActiveCfg = Debug|Any CPU
		{120AD31C-2336-5AE6-A7EF-D2E10AAFDDA8}.Debug|Any CPU.Build.0 = Debug|Any CPU
		{120AD31C-2336-5AE6-A7EF-D2E10AAFDDA8}.Release|Any CPU.ActiveCfg = Release|Any CPU
		{120AD31C-2336-5AE6-A7EF-D2E10AAFDDA8}.Release|Any CPU.Build.0 = Release|Any CPU
		{8EA60B10-E0D6-5F3F-8BFC-38DFB3DABF32}.Debug|Any CPU.ActiveCfg = Debug|Any CPU
		{8EA60B10-E0D6-5F3F-8BFC-38DFB3DABF32}.Debug|Any CPU.Build.0 = Debug|Any CPU
		{8EA60B10-E0D6-5F3F-8BFC-38DFB3DABF32}.Release|Any CPU.ActiveCfg = Release|Any CPU
		{8EA60B10-E0D6-5F3F-8BFC-38DFB3DABF32}.Release|Any CPU.Build.0 = Release|Any CPU
		{7DBC314A-960C-59BA-850E-30BC33C1BD63}.Debug|Any CPU.ActiveCfg = Debug|Any CPU
		{7DBC314A-960C-59BA-850E-30BC33C1BD63}.Debug|Any CPU.Build.0 = Debug|Any CPU
		{7DBC314A-960C-59BA-850E-30BC33C1BD63}.Release|Any CPU.ActiveCfg = Release|Any CPU
		{7DBC314A-960C-59BA-850E-30BC33C1BD63}.Release|Any CPU.Build.0 = Release|Any CPU
		{0CD1C707-3567-54FA-B4B0-C2DD304BF23B}.Debug|Any CPU.ActiveCfg = Debug|Any CPU
		{0CD1C707-3567-54FA-B4B0-C2DD304BF23B}.Debug|Any CPU.Build.0 = Debug|Any CPU
		{0CD1C707-3567-54FA-B4B0-C2DD304BF23B}.Release|Any CPU.ActiveCfg = Release|Any CPU
		{0CD1C707-3567-54FA-B4B0-C2DD304BF23B}.Release|Any CPU.Build.0 = Release|Any CPU
		{54BE168A-735B-5FE8-BE00-CA8632D1B529}.Debug|Any CPU.ActiveCfg = Debug|Any CPU
		{54BE168A-735B-5FE8-BE00-CA8632D1B529}.Debug|Any CPU.Build.0 = Debug|Any CPU
		{54BE168A-735B-5FE8-BE00-CA8632D1B529}.Release|Any CPU.ActiveCfg = Release|Any CPU
		{54BE168A-735B-5FE8-BE00-CA8632D1B529}.Release|Any CPU.Build.0 = Release|Any CPU
		{BAA76518-4AB8-5A2D-AD7C-4BD066BDA0A4}.Debug|Any CPU.ActiveCfg = Debug|Any CPU
		{BAA76518-4AB8-5A2D-AD7C-4BD066BDA0A4}.Debug|Any CPU.Build.0 = Debug|Any CPU
		{BAA76518-4AB8-5A2D-AD7C-4BD066BDA0A4}.Release|Any CPU.ActiveCfg = Release|Any CPU
		{BAA76518-4AB8-5A2D-AD7C-4BD066BDA0A4}.Release|Any CPU.Build.0 = Release|Any CPU
		{9431B48B-F967-5024-A299-2EA7D8CA05EE}.Debug|Any CPU.ActiveCfg = Debug|Any CPU
		{9431B48B-F967-5024-A299-2EA7D8CA05EE}.Debug|Any CPU.Build.0 = Debug|Any CPU
		{9431B48B-F967-5024-A299-2EA7D8CA05EE}.Release|Any CPU.ActiveCfg = Release|Any CPU
		{9431B48B-F967-5024-A299-2EA7D8CA05EE}.Release|Any CPU.Build.0 = Release|Any CPU
		{BDF54498-4591-54D6-A3AD-B4657B086AAD}.Debug|Any CPU.ActiveCfg = Debug|Any CPU
		{BDF54498-4591-54D6-A3AD-B4657B086AAD}.Debug|Any CPU.Build.0 = Debug|Any CPU
		{BDF54498-4591-54D6-A3AD-B4657B086AAD}.Release|Any CPU.ActiveCfg = Release|Any CPU
		{BDF54498-4591-54D6-A3AD-B4657B086AAD}.Release|Any CPU.Build.0 = Release|Any CPU
		{F1DBBC8A-1D4E-57ED-81AD-CEEA19182C53}.Debug|Any CPU.ActiveCfg = Debug|Any CPU
		{F1DBBC8A-1D4E-57ED-81AD-CEEA19182C53}.Debug|Any CPU.Build.0 = Debug|Any CPU
		{F1DBBC8A-1D4E-57ED-81AD-CEEA19182C53}.Release|Any CPU.ActiveCfg = Release|Any CPU
		{F1DBBC8A-1D4E-57ED-81AD-CEEA19182C53}.Release|Any CPU.Build.0 = Release|Any CPU
		{317ADFAE-1178-59BB-9298-2D0CC42095B7}.Debug|Any CPU.ActiveCfg = Debug|Any CPU
		{317ADFAE-1178-59BB-9298-2D0CC42095B7}.Debug|Any CPU.Build.0 = Debug|Any CPU
		{317ADFAE-1178-59BB-9298-2D0CC42095B7}.Release|Any CPU.ActiveCfg = Release|Any CPU
		{317ADFAE-1178-59BB-9298-2D0CC42095B7}.Release|Any CPU.Build.0 = Release|Any CPU
		{2BCB1928-1003-5380-9AA9-78B34E46C653}.Debug|Any CPU.ActiveCfg = Debug|Any CPU
		{2BCB1928-1003-5380-9AA9-78B34E46C653}.Debug|Any CPU.Build.0 = Debug|Any CPU
		{2BCB1928-1003-5380-9AA9-78B34E46C653}.Release|Any CPU.ActiveCfg = Release|Any CPU
		{2BCB1928-1003-5380-9AA9-78B34E46C653}.Release|Any CPU.Build.0 = Release|Any CPU
		{4CB3C909-468E-58F3-98B4-CC32ADB68C83}.Debug|Any CPU.ActiveCfg = Debug|Any CPU
		{4CB3C909-468E-58F3-98B4-CC32ADB68C83}.Debug|Any CPU.Build.0 = Debug|Any CPU
		{4CB3C909-468E-58F3-98B4-CC32ADB68C83}.Release|Any CPU.ActiveCfg = Release|Any CPU
		{4CB3C909-468E-58F3-98B4-CC32ADB68C83}.Release|Any CPU.Build.0 = Release|Any CPU
		{71C1838D-641A-540C-BAA1-CE80668086C1}.Debug|Any CPU.ActiveCfg = Debug|Any CPU
		{71C1838D-641A-540C-BAA1-CE80668086C1}.Debug|Any CPU.Build.0 = Debug|Any CPU
		{71C1838D-641A-540C-BAA1-CE80668086C1}.Release|Any CPU.ActiveCfg = Release|Any CPU
		{71C1838D-641A-540C-BAA1-CE80668086C1}.Release|Any CPU.Build.0 = Release|Any CPU
		{92C1251F-A308-546F-B3DA-C744DF4011E6}.Debug|Any CPU.ActiveCfg = Debug|Any CPU
		{92C1251F-A308-546F-B3DA-C744DF4011E6}.Debug|Any CPU.Build.0 = Debug|Any CPU
		{92C1251F-A308-546F-B3DA-C744DF4011E6}.Release|Any CPU.ActiveCfg = Release|Any CPU
		{92C1251F-A308-546F-B3DA-C744DF4011E6}.Release|Any CPU.Build.0 = Release|Any CPU
		{E5DF4410-D617-57A2-A469-132E398FDCE4}.Debug|Any CPU.ActiveCfg = Debug|Any CPU
		{E5DF4410-D617-57A2-A469-132E398FDCE4}.Debug|Any CPU.Build.0 = Debug|Any CPU
		{E5DF4410-D617-57A2-A469-132E398FDCE4}.Release|Any CPU.ActiveCfg = Release|Any CPU
		{E5DF4410-D617-57A2-A469-132E398FDCE4}.Release|Any CPU.Build.0 = Release|Any CPU
		{461418F1-8923-5376-BB91-C7C471CF358A}.Debug|Any CPU.ActiveCfg = Debug|Any CPU
		{461418F1-8923-5376-BB91-C7C471CF358A}.Debug|Any CPU.Build.0 = Debug|Any CPU
		{461418F1-8923-5376-BB91-C7C471CF358A}.Release|Any CPU.ActiveCfg = Release|Any CPU
		{461418F1-8923-5376-BB91-C7C471CF358A}.Release|Any CPU.Build.0 = Release|Any CPU
		{91EA787A-486F-5E7C-A994-AD0BB6E01356}.Debug|Any CPU.ActiveCfg = Debug|Any CPU
		{91EA787A-486F-5E7C-A994-AD0BB6E01356}.Debug|Any CPU.Build.0 = Debug|Any CPU
		{91EA787A-486F-5E7C-A994-AD0BB6E01356}.Release|Any CPU.ActiveCfg = Release|Any CPU
		{91EA787A-486F-5E7C-A994-AD0BB6E01356}.Release|Any CPU.Build.0 = Release|Any CPU
		{093B1729-C1D0-5755-BFFF-55C197A07D3D}.Debug|Any CPU.ActiveCfg = Debug|Any CPU
		{093B1729-C1D0-5755-BFFF-55C197A07D3D}.Debug|Any CPU.Build.0 = Debug|Any CPU
		{093B1729-C1D0-5755-BFFF-55C197A07D3D}.Release|Any CPU.ActiveCfg = Release|Any CPU
		{093B1729-C1D0-5755-BFFF-55C197A07D3D}.Release|Any CPU.Build.0 = Release|Any CPU
		{86551244-A5EC-599C-88B2-F0FEDB8AD7FA}.Debug|Any CPU.ActiveCfg = Debug|Any CPU
		{86551244-A5EC-599C-88B2-F0FEDB8AD7FA}.Debug|Any CPU.Build.0 = Debug|Any CPU
		{86551244-A5EC-599C-88B2-F0FEDB8AD7FA}.Release|Any CPU.ActiveCfg = Release|Any CPU
		{86551244-A5EC-599C-88B2-F0FEDB8AD7FA}.Release|Any CPU.Build.0 = Release|Any CPU
		{F9B5E690-E2BA-5724-BF50-4C3751924DA7}.Debug|Any CPU.ActiveCfg = Debug|Any CPU
		{F9B5E690-E2BA-5724-BF50-4C3751924DA7}.Debug|Any CPU.Build.0 = Debug|Any CPU
		{F9B5E690-E2BA-5724-BF50-4C3751924DA7}.Release|Any CPU.ActiveCfg = Release|Any CPU
		{F9B5E690-E2BA-5724-BF50-4C3751924DA7}.Release|Any CPU.Build.0 = Release|Any CPU
		{A9C9E2B3-1CFE-5D83-B9ED-91A911E57CC8}.Debug|Any CPU.ActiveCfg = Debug|Any CPU
		{A9C9E2B3-1CFE-5D83-B9ED-91A911E57CC8}.Debug|Any CPU.Build.0 = Debug|Any CPU
		{A9C9E2B3-1CFE-5D83-B9ED-91A911E57CC8}.Release|Any CPU.ActiveCfg = Release|Any CPU
		{A9C9E2B3-1CFE-5D83-B9ED-91A911E57CC8}.Release|Any CPU.Build.0 = Release|Any CPU
		{C9F5B50A-4524-5DBA-A34B-549B2C5D3168}.Debug|Any CPU.ActiveCfg = Debug|Any CPU
		{C9F5B50A-4524-5DBA-A34B-549B2C5D3168}.Debug|Any CPU.Build.0 = Debug|Any CPU
		{C9F5B50A-4524-5DBA-A34B-549B2C5D3168}.Release|Any CPU.ActiveCfg = Release|Any CPU
		{C9F5B50A-4524-5DBA-A34B-549B2C5D3168}.Release|Any CPU.Build.0 = Release|Any CPU
		{25197976-41AC-5463-8BC4-7E9519D0D823}.Debug|Any CPU.ActiveCfg = Debug|Any CPU
		{25197976-41AC-5463-8BC4-7E9519D0D823}.Debug|Any CPU.Build.0 = Debug|Any CPU
		{25197976-41AC-5463-8BC4-7E9519D0D823}.Release|Any CPU.ActiveCfg = Release|Any CPU
		{25197976-41AC-5463-8BC4-7E9519D0D823}.Release|Any CPU.Build.0 = Release|Any CPU
		{F5B4C5C9-D5C8-51F4-9E7A-A82A8986F85D}.Debug|Any CPU.ActiveCfg = Debug|Any CPU
		{F5B4C5C9-D5C8-51F4-9E7A-A82A8986F85D}.Debug|Any CPU.Build.0 = Debug|Any CPU
		{F5B4C5C9-D5C8-51F4-9E7A-A82A8986F85D}.Release|Any CPU.ActiveCfg = Release|Any CPU
		{F5B4C5C9-D5C8-51F4-9E7A-A82A8986F85D}.Release|Any CPU.Build.0 = Release|Any CPU
		{84D2A451-0114-5656-8499-2A3D54663D27}.Debug|Any CPU.ActiveCfg = Debug|Any CPU
		{84D2A451-0114-5656-8499-2A3D54663D27}.Debug|Any CPU.Build.0 = Debug|Any CPU
		{84D2A451-0114-5656-8499-2A3D54663D27}.Release|Any CPU.ActiveCfg = Release|Any CPU
		{84D2A451-0114-5656-8499-2A3D54663D27}.Release|Any CPU.Build.0 = Release|Any CPU
		{AAB7B8A6-842B-5CC2-AB8F-6811EB9E24CA}.Debug|Any CPU.ActiveCfg = Debug|Any CPU
		{AAB7B8A6-842B-5CC2-AB8F-6811EB9E24CA}.Debug|Any CPU.Build.0 = Debug|Any CPU
		{AAB7B8A6-842B-5CC2-AB8F-6811EB9E24CA}.Release|Any CPU.ActiveCfg = Release|Any CPU
		{AAB7B8A6-842B-5CC2-AB8F-6811EB9E24CA}.Release|Any CPU.Build.0 = Release|Any CPU
		{614C8387-6D5F-569E-933C-D2392F624770}.Debug|Any CPU.ActiveCfg = Debug|Any CPU
		{614C8387-6D5F-569E-933C-D2392F624770}.Debug|Any CPU.Build.0 = Debug|Any CPU
		{614C8387-6D5F-569E-933C-D2392F624770}.Release|Any CPU.ActiveCfg = Release|Any CPU
		{614C8387-6D5F-569E-933C-D2392F624770}.Release|Any CPU.Build.0 = Release|Any CPU
		{6B89ED52-35AF-5336-90DB-C1AC664BF368}.Debug|Any CPU.ActiveCfg = Debug|Any CPU
		{6B89ED52-35AF-5336-90DB-C1AC664BF368}.Debug|Any CPU.Build.0 = Debug|Any CPU
		{6B89ED52-35AF-5336-90DB-C1AC664BF368}.Release|Any CPU.ActiveCfg = Release|Any CPU
		{6B89ED52-35AF-5336-90DB-C1AC664BF368}.Release|Any CPU.Build.0 = Release|Any CPU
		{829C6BEB-19B9-5636-A0F6-C9F8F17728A0}.Debug|Any CPU.ActiveCfg = Debug|Any CPU
		{829C6BEB-19B9-5636-A0F6-C9F8F17728A0}.Debug|Any CPU.Build.0 = Debug|Any CPU
		{829C6BEB-19B9-5636-A0F6-C9F8F17728A0}.Release|Any CPU.ActiveCfg = Release|Any CPU
		{829C6BEB-19B9-5636-A0F6-C9F8F17728A0}.Release|Any CPU.Build.0 = Release|Any CPU
		{DBC143B7-2A15-5B6F-815A-80DF27A96871}.Debug|Any CPU.ActiveCfg = Debug|Any CPU
		{DBC143B7-2A15-5B6F-815A-80DF27A96871}.Debug|Any CPU.Build.0 = Debug|Any CPU
		{DBC143B7-2A15-5B6F-815A-80DF27A96871}.Release|Any CPU.ActiveCfg = Release|Any CPU
		{DBC143B7-2A15-5B6F-815A-80DF27A96871}.Release|Any CPU.Build.0 = Release|Any CPU
		{5ECB7EAE-7B93-5E30-92D3-4D07363E10BD}.Debug|Any CPU.ActiveCfg = Debug|Any CPU
		{5ECB7EAE-7B93-5E30-92D3-4D07363E10BD}.Debug|Any CPU.Build.0 = Debug|Any CPU
		{5ECB7EAE-7B93-5E30-92D3-4D07363E10BD}.Release|Any CPU.ActiveCfg = Release|Any CPU
		{5ECB7EAE-7B93-5E30-92D3-4D07363E10BD}.Release|Any CPU.Build.0 = Release|Any CPU
	EndGlobalSection
	GlobalSection(NestedProjects) = preSolution
		{3AA6B7D9-0AEE-5734-9999-29620D583E4B} = {E2683E97-068B-56A1-B7CD-049A065F891F}
		{AA23A18E-EAB6-5A02-8809-526627983EC7} = {E2683E97-068B-56A1-B7CD-049A065F891F}
		{0632B953-266D-5603-925B-586D3556DAE4} = {AA23A18E-EAB6-5A02-8809-526627983EC7}
		{A24258F9-344A-50C7-828D-918B1262E719} = {AA23A18E-EAB6-5A02-8809-526627983EC7}
		{CEE48977-F626-5ED8-8668-B3DE90743F16} = {3AA6B7D9-0AEE-5734-9999-29620D583E4B}
		{31ED3D7F-3B01-533D-9F7D-C7E773FF437D} = {3AA6B7D9-0AEE-5734-9999-29620D583E4B}
		{CA38ED71-41BE-5D6B-AB07-7573B67E7AF7} = {E2683E97-068B-56A1-B7CD-049A065F891F}
		{23A944E0-9A9E-5BF2-A4A4-C0BF1A7DC833} = {E2683E97-068B-56A1-B7CD-049A065F891F}
		{133A04CC-5D91-5D72-84B7-76D59253671E} = {E2683E97-068B-56A1-B7CD-049A065F891F}
		{78B8A800-66A7-5FA0-B14F-B01A6D142B05} = {E2683E97-068B-56A1-B7CD-049A065F891F}
		{4FCF1BD5-68C8-547B-B9FC-CFF8FB15861D} = {B6BAC99F-AFD8-5128-80D4-ED81DE28CC9B}
		{7CB0A56F-9155-581F-894B-2E21893A529E} = {B6BAC99F-AFD8-5128-80D4-ED81DE28CC9B}
		{ADCD6966-A7B0-528E-888B-E7368D4021B1} = {B6BAC99F-AFD8-5128-80D4-ED81DE28CC9B}
		{5F93F389-3B8F-5F9E-A217-4902E74E3CCF} = {B6BAC99F-AFD8-5128-80D4-ED81DE28CC9B}
		{0702CEF7-DACC-5EDD-A70C-EADA98BA9155} = {B6BAC99F-AFD8-5128-80D4-ED81DE28CC9B}
		{8C16C138-3140-507C-9203-A440514F20E9} = {B6BAC99F-AFD8-5128-80D4-ED81DE28CC9B}
		{BE0961D4-8F8B-5CAD-B972-5BFE22BF9BC2} = {B6BAC99F-AFD8-5128-80D4-ED81DE28CC9B}
		{9955B86F-52C3-5139-8229-E609EABF7F19} = {B6BAC99F-AFD8-5128-80D4-ED81DE28CC9B}
		{C5E3C18E-6562-5514-BD69-0B72559F7913} = {B6BAC99F-AFD8-5128-80D4-ED81DE28CC9B}
		{1BB37162-F7F1-528A-B07E-4FB46DC7F96B} = {B6BAC99F-AFD8-5128-80D4-ED81DE28CC9B}
		{96CD0A6B-2AA4-501C-87C4-9EE0E8CA9CF4} = {B6BAC99F-AFD8-5128-80D4-ED81DE28CC9B}
		{9C0E8633-990F-51CA-A028-BD26DCC849CC} = {B6BAC99F-AFD8-5128-80D4-ED81DE28CC9B}
		{9A7871BB-91CD-52C4-A821-606000ED9770} = {B6BAC99F-AFD8-5128-80D4-ED81DE28CC9B}
		{6780C449-22A3-50CD-BA9D-66CBF103EFE2} = {0632B953-266D-5603-925B-586D3556DAE4}
		{6F54B382-66E8-5AC4-9399-3D6CBF62F900} = {0632B953-266D-5603-925B-586D3556DAE4}
		{B08E1AD0-6378-5703-BAFD-F6863B5F7B84} = {0632B953-266D-5603-925B-586D3556DAE4}
		{59F8AD89-4623-5334-B371-27AB1D139D4E} = {0632B953-266D-5603-925B-586D3556DAE4}
		{789452A7-36AF-54A3-BE05-BD5C9FFA8E24} = {0632B953-266D-5603-925B-586D3556DAE4}
		{946E9C7B-7190-5D19-9F61-6C08FC530956} = {0632B953-266D-5603-925B-586D3556DAE4}
		{701583FA-C1DC-59D6-93BF-4FF71692CC33} = {0632B953-266D-5603-925B-586D3556DAE4}
		{794ADAE9-2981-504F-90D3-2F098D24EAB7} = {A24258F9-344A-50C7-828D-918B1262E719}
		{B6B94E2C-038D-5124-8D86-A4E28C2040EF} = {A24258F9-344A-50C7-828D-918B1262E719}
		{AE0239AA-B0CC-586A-B7D3-4FB41CFD24BD} = {A24258F9-344A-50C7-828D-918B1262E719}
		{8FFE6E5F-4127-5E01-B80C-4907C7FD3522} = {A24258F9-344A-50C7-828D-918B1262E719}
		{D0F8DCEA-F78D-5340-8A6C-61680F84E591} = {31ED3D7F-3B01-533D-9F7D-C7E773FF437D}
		{8F2D6439-2C46-57C9-B1D6-CEC830B82E01} = {31ED3D7F-3B01-533D-9F7D-C7E773FF437D}
		{53B98BFB-142D-585B-BE1E-91775933E1EA} = {31ED3D7F-3B01-533D-9F7D-C7E773FF437D}
		{26CD7E0B-E291-5E6D-BE33-213684CA3BAF} = {31ED3D7F-3B01-533D-9F7D-C7E773FF437D}
		{4BF4438D-1965-5F3B-A8F7-DA2791E02F9A} = {133A04CC-5D91-5D72-84B7-76D59253671E}
		{5B8D0CA8-A01E-51EE-A9BB-DAA9055F42C6} = {6780C449-22A3-50CD-BA9D-66CBF103EFE2}
		{1B3A5C72-3920-51BC-BDF8-6DC0D2F9AC6A} = {6780C449-22A3-50CD-BA9D-66CBF103EFE2}
		{1248EBC0-124C-522A-9023-4612A0BDF0CD} = {6780C449-22A3-50CD-BA9D-66CBF103EFE2}
		{F1B98511-E95B-5D62-8B09-14BD6D371F75} = {6780C449-22A3-50CD-BA9D-66CBF103EFE2}
		{FA63BAA6-C412-558C-AAD7-BE9C0599B621} = {789452A7-36AF-54A3-BE05-BD5C9FFA8E24}
		{0810ACE9-C739-5163-A558-2F6E2BCAF052} = {789452A7-36AF-54A3-BE05-BD5C9FFA8E24}
		{5EB830E5-6821-5CB0-B96B-C355664FFB5F} = {789452A7-36AF-54A3-BE05-BD5C9FFA8E24}
		{B20FBC7B-2FC1-5AAC-A78E-A771B8DE2A0B} = {946E9C7B-7190-5D19-9F61-6C08FC530956}
		{C76C11A8-0E87-597D-B68A-A8293AB948DF} = {946E9C7B-7190-5D19-9F61-6C08FC530956}
		{0890C054-3087-56E1-8200-B61E8CEF0E8D} = {946E9C7B-7190-5D19-9F61-6C08FC530956}
		{9AD473D3-4535-58C9-83BD-FD15550B8D2D} = {946E9C7B-7190-5D19-9F61-6C08FC530956}
		{F1DDCB58-39F6-5DF7-916C-0712872BFFE3} = {946E9C7B-7190-5D19-9F61-6C08FC530956}
		{C59A5367-6A03-5B3C-9559-EADF7AEB1922} = {701583FA-C1DC-59D6-93BF-4FF71692CC33}
		{D320FEF4-D557-5D85-A104-963689717F92} = {701583FA-C1DC-59D6-93BF-4FF71692CC33}
		{785551A2-DBA8-5574-A82F-8DCC212721FA} = {701583FA-C1DC-59D6-93BF-4FF71692CC33}
		{93735BE4-80AC-5129-9740-4F0B7343B94B} = {701583FA-C1DC-59D6-93BF-4FF71692CC33}
		{26E3E915-C9F7-5090-A66B-2B5359A20FC8} = {701583FA-C1DC-59D6-93BF-4FF71692CC33}
		{C687EC1E-B450-546A-B872-8CD8EA74A647} = {26CD7E0B-E291-5E6D-BE33-213684CA3BAF}
		{D3559F4C-4DED-5893-9802-FD66E72E72FB} = {26CD7E0B-E291-5E6D-BE33-213684CA3BAF}
		{E72810FD-735A-58BD-973A-9FE8791D0C72} = {26CD7E0B-E291-5E6D-BE33-213684CA3BAF}
		{9F09807A-BA50-560F-B19E-F2C34E266080} = {26CD7E0B-E291-5E6D-BE33-213684CA3BAF}
		{6F26896A-0275-55AA-9A7A-AA11BE71262B} = {1248EBC0-124C-522A-9023-4612A0BDF0CD}
		{9AB37C54-ED78-51F5-B176-12586969D95D} = {1248EBC0-124C-522A-9023-4612A0BDF0CD}
		{731879D5-181F-549D-B241-ECF531B920F5} = {1248EBC0-124C-522A-9023-4612A0BDF0CD}
		{BC8D4C4B-B644-5BC9-BAD6-F06E13873EEE} = {1248EBC0-124C-522A-9023-4612A0BDF0CD}
		{B4C873AF-4BA8-5629-939E-A4A36AC639D2} = {1248EBC0-124C-522A-9023-4612A0BDF0CD}
		{1B194E53-C242-579D-BBB0-980AE3A4A2B4} = {F1B98511-E95B-5D62-8B09-14BD6D371F75}
		{53AC5A1C-5A53-560B-BC38-5543CDEDDA74} = {F1B98511-E95B-5D62-8B09-14BD6D371F75}
		{A39B3DFC-B1AF-53E4-827D-4846703EB7B6} = {C687EC1E-B450-546A-B872-8CD8EA74A647}
		{9A44E585-D2B8-5BBF-A906-F4C23BBCDB95} = {1B194E53-C242-579D-BBB0-980AE3A4A2B4}
		{C1F913DA-B1DD-5AA8-927F-62DE26D30D20} = {1B194E53-C242-579D-BBB0-980AE3A4A2B4}
		{ECEDAACE-1F8F-5B08-8A2A-70792B125130} = {5B8D0CA8-A01E-51EE-A9BB-DAA9055F42C6}
		{BD17C5A7-9D51-50B0-A7EE-7CD83B4B6880} = {1B3A5C72-3920-51BC-BDF8-6DC0D2F9AC6A}
		{2AF6E3EE-D4AD-59CB-B4ED-27F7555FB570} = {6F26896A-0275-55AA-9A7A-AA11BE71262B}
		{DABEBB09-690E-50CD-B2B8-FD880661CE24} = {9AB37C54-ED78-51F5-B176-12586969D95D}
		{8A271DE9-C0B6-56CF-9DE2-C205CF6D9C04} = {731879D5-181F-549D-B241-ECF531B920F5}
		{28249539-4E6F-5DFC-B266-64AA8D7ECB51} = {BC8D4C4B-B644-5BC9-BAD6-F06E13873EEE}
		{42E32B71-21D5-5C27-9E80-D7B6C50475BC} = {B4C873AF-4BA8-5629-939E-A4A36AC639D2}
		{DE26897B-018B-5E0A-A672-31CD247C3FCC} = {9A44E585-D2B8-5BBF-A906-F4C23BBCDB95}
		{54F0C466-793E-55EF-B7CF-7F4FE723A2B1} = {C1F913DA-B1DD-5AA8-927F-62DE26D30D20}
		{B6AADC83-E12B-5B95-BD95-9617AA21B23C} = {53AC5A1C-5A53-560B-BC38-5543CDEDDA74}
		{807B2B67-F7C5-5C40-9474-84B99B5D63D6} = {0632B953-266D-5603-925B-586D3556DAE4}
		{A9E4D892-1D48-583D-9141-46EB6388BBF6} = {6F54B382-66E8-5AC4-9399-3D6CBF62F900}
		{F673B85F-B41C-5C2F-BB68-14395C2E6BA2} = {B08E1AD0-6378-5703-BAFD-F6863B5F7B84}
		{A27B1032-392E-5492-A01A-15FFB3654BCA} = {59F8AD89-4623-5334-B371-27AB1D139D4E}
		{481AD834-F071-5013-B5BE-348CDC2A95C8} = {FA63BAA6-C412-558C-AAD7-BE9C0599B621}
		{2B26FFC4-0749-5230-9EEF-D7DB3E5AAE27} = {0810ACE9-C739-5163-A558-2F6E2BCAF052}
		{8C876727-6522-5137-B959-D28E4A3D3921} = {5EB830E5-6821-5CB0-B96B-C355664FFB5F}
		{7E0BDC19-CAE2-5540-B7E9-4A8FC45DBB76} = {B20FBC7B-2FC1-5AAC-A78E-A771B8DE2A0B}
		{A28F1988-5020-5223-96BE-6DDB5ACE2B5D} = {C76C11A8-0E87-597D-B68A-A8293AB948DF}
		{104045B9-F4CF-5F45-8B19-6EFA0897A9D3} = {0890C054-3087-56E1-8200-B61E8CEF0E8D}
		{97BC9107-B7F1-539A-B3A0-F065A70B2450} = {9AD473D3-4535-58C9-83BD-FD15550B8D2D}
		{88FD0613-8D93-5953-9E45-153B4DB320BC} = {F1DDCB58-39F6-5DF7-916C-0712872BFFE3}
		{78ED68E4-2231-5AC8-A3FF-6F4A912EEBD9} = {C59A5367-6A03-5B3C-9559-EADF7AEB1922}
		{277D6E2D-6CB1-537B-A56B-36F7CC3F4CE5} = {D320FEF4-D557-5D85-A104-963689717F92}
		{D820FA1F-743F-5423-A989-D31543834581} = {785551A2-DBA8-5574-A82F-8DCC212721FA}
		{846D63E1-4407-52E6-8768-862551360BC3} = {93735BE4-80AC-5129-9740-4F0B7343B94B}
		{F251039B-A4F6-55AE-99D3-A4C7B800A7E6} = {26E3E915-C9F7-5090-A66B-2B5359A20FC8}
		{120AD31C-2336-5AE6-A7EF-D2E10AAFDDA8} = {794ADAE9-2981-504F-90D3-2F098D24EAB7}
		{8EA60B10-E0D6-5F3F-8BFC-38DFB3DABF32} = {B6B94E2C-038D-5124-8D86-A4E28C2040EF}
		{7DBC314A-960C-59BA-850E-30BC33C1BD63} = {AE0239AA-B0CC-586A-B7D3-4FB41CFD24BD}
		{0CD1C707-3567-54FA-B4B0-C2DD304BF23B} = {8FFE6E5F-4127-5E01-B80C-4907C7FD3522}
		{54BE168A-735B-5FE8-BE00-CA8632D1B529} = {CEE48977-F626-5ED8-8668-B3DE90743F16}
		{BAA76518-4AB8-5A2D-AD7C-4BD066BDA0A4} = {D0F8DCEA-F78D-5340-8A6C-61680F84E591}
		{9431B48B-F967-5024-A299-2EA7D8CA05EE} = {8F2D6439-2C46-57C9-B1D6-CEC830B82E01}
		{BDF54498-4591-54D6-A3AD-B4657B086AAD} = {53B98BFB-142D-585B-BE1E-91775933E1EA}
		{F1DBBC8A-1D4E-57ED-81AD-CEEA19182C53} = {A39B3DFC-B1AF-53E4-827D-4846703EB7B6}
		{317ADFAE-1178-59BB-9298-2D0CC42095B7} = {D3559F4C-4DED-5893-9802-FD66E72E72FB}
		{2BCB1928-1003-5380-9AA9-78B34E46C653} = {26CD7E0B-E291-5E6D-BE33-213684CA3BAF}
		{4CB3C909-468E-58F3-98B4-CC32ADB68C83} = {E72810FD-735A-58BD-973A-9FE8791D0C72}
		{71C1838D-641A-540C-BAA1-CE80668086C1} = {9F09807A-BA50-560F-B19E-F2C34E266080}
		{92C1251F-A308-546F-B3DA-C744DF4011E6} = {CA38ED71-41BE-5D6B-AB07-7573B67E7AF7}
		{E5DF4410-D617-57A2-A469-132E398FDCE4} = {23A944E0-9A9E-5BF2-A4A4-C0BF1A7DC833}
		{461418F1-8923-5376-BB91-C7C471CF358A} = {4BF4438D-1965-5F3B-A8F7-DA2791E02F9A}
		{91EA787A-486F-5E7C-A994-AD0BB6E01356} = {133A04CC-5D91-5D72-84B7-76D59253671E}
		{093B1729-C1D0-5755-BFFF-55C197A07D3D} = {78B8A800-66A7-5FA0-B14F-B01A6D142B05}
		{86551244-A5EC-599C-88B2-F0FEDB8AD7FA} = {4FCF1BD5-68C8-547B-B9FC-CFF8FB15861D}
		{F9B5E690-E2BA-5724-BF50-4C3751924DA7} = {7CB0A56F-9155-581F-894B-2E21893A529E}
		{A9C9E2B3-1CFE-5D83-B9ED-91A911E57CC8} = {ADCD6966-A7B0-528E-888B-E7368D4021B1}
		{C9F5B50A-4524-5DBA-A34B-549B2C5D3168} = {5F93F389-3B8F-5F9E-A217-4902E74E3CCF}
		{25197976-41AC-5463-8BC4-7E9519D0D823} = {0702CEF7-DACC-5EDD-A70C-EADA98BA9155}
		{F5B4C5C9-D5C8-51F4-9E7A-A82A8986F85D} = {8C16C138-3140-507C-9203-A440514F20E9}
		{84D2A451-0114-5656-8499-2A3D54663D27} = {BE0961D4-8F8B-5CAD-B972-5BFE22BF9BC2}
		{AAB7B8A6-842B-5CC2-AB8F-6811EB9E24CA} = {9955B86F-52C3-5139-8229-E609EABF7F19}
		{614C8387-6D5F-569E-933C-D2392F624770} = {C5E3C18E-6562-5514-BD69-0B72559F7913}
		{6B89ED52-35AF-5336-90DB-C1AC664BF368} = {1BB37162-F7F1-528A-B07E-4FB46DC7F96B}
		{829C6BEB-19B9-5636-A0F6-C9F8F17728A0} = {96CD0A6B-2AA4-501C-87C4-9EE0E8CA9CF4}
		{DBC143B7-2A15-5B6F-815A-80DF27A96871} = {9C0E8633-990F-51CA-A028-BD26DCC849CC}
		{5ECB7EAE-7B93-5E30-92D3-4D07363E10BD} = {9A7871BB-91CD-52C4-A821-606000ED9770}
	EndGlobalSection
	GlobalSection(SolutionProperties) = preSolution
		HideSolutionNode = FALSE
	EndGlobalSection
EndGlobal
